github.com/MajotraderLucky/Utils v0.0.0-20231010235318-416edd9d940b h1:sTI8I1p3h4+KkHxs7LgA4IrG3iFrDURgVs8xgNP1X1k=
github.com/MajotraderLucky/Utils v0.0.0-20231010235318-416edd9d940b/go.mod h1:JGfgTvWuN34FDH9ax09WEJmHxpB4hua3UHcywEQHgO0=
github.com/lib/pq v1.10.9 h1:YXG7RB+JIjhP29X+OtkiDnYaXQwpS4JEWq7dtCCRUEw=
github.com/lib/pq v1.10.9/go.mod h1:AlVN5x4E4T544tWzH6hKfbfQvm3HdbOxrmggDNAPY9o=
